
Microsoft Visual Studio Solution File, Format Version 12.00
# Visual Studio 15
VisualStudioVersion = 15.0.28307.572
MinimumVisualStudioVersion = 10.0.40219.1
Project("{FAE04EC0-301F-11D3-BF4B-00C04F79EFBC}") = "CrossTalkClient", "CrossTalkClient\CrossTalkClient.csproj", "{21219061-270A-4539-8CDE-F3DF4CBB86D0}"
EndProject
Project("{FAE04EC0-301F-11D3-BF4B-00C04F79EFBC}") = "CrossTalkServer", "CrossTalkServer\CrossTalkServer.csproj", "{3FB090AF-26DD-4927-A453-E4C20C92A919}"
EndProject
Global
	GlobalSection(SolutionConfigurationPlatforms) = preSolution
		Debug|Any CPU = Debug|Any CPU
		Release|Any CPU = Release|Any CPU
	EndGlobalSection
	GlobalSection(ProjectConfigurationPlatforms) = postSolution
		{21219061-270A-4539-8CDE-F3DF4CBB86D0}.Debug|Any CPU.ActiveCfg = Debug|Any CPU
		{21219061-270A-4539-8CDE-F3DF4CBB86D0}.Debug|Any CPU.Build.0 = Debug|Any CPU
		{21219061-270A-4539-8CDE-F3DF4CBB86D0}.Release|Any CPU.ActiveCfg = Release|Any CPU
		{21219061-270A-4539-8CDE-F3DF4CBB86D0}.Release|Any CPU.Build.0 = Release|Any CPU
		{3FB090AF-26DD-4927-A453-E4C20C92A919}.Debug|Any CPU.ActiveCfg = Debug|Any CPU
		{3FB090AF-26DD-4927-A453-E4C20C92A919}.Debug|Any CPU.Build.0 = Debug|Any CPU
		{3FB090AF-26DD-4927-A453-E4C20C92A919}.Release|Any CPU.ActiveCfg = Release|Any CPU
		{3FB090AF-26DD-4927-A453-E4C20C92A919}.Release|Any CPU.Build.0 = Release|Any CPU
	EndGlobalSection
	GlobalSection(SolutionProperties) = preSolution
		HideSolutionNode = FALSE
	EndGlobalSection
	GlobalSection(ExtensibilityGlobals) = postSolution
		SolutionGuid = {895DC2C0-01D3-43AC-A730-42544861AB48}
	EndGlobalSection
EndGlobal
